# THIS IS AN AUTOGENERATED FILE. DO NOT EDIT THIS FILE DIRECTLY.
# yarn lockfile v1


lodash.compact@^3.0.1:
  version "3.0.1"
  resolved "https://registry.yarnpkg.com/lodash.compact/-/lodash.compact-3.0.1.tgz#540ce3837745975807471e16b4a2ba21e7256ca5"
  integrity sha1-VAzjg3dFl1gHRx4WtKK6IeclbKU=

lodash.flattendeep@^4.4.0:
  version "4.4.0"
  resolved "https://registry.yarnpkg.com/lodash.flattendeep/-/lodash.flattendeep-4.4.0.tgz#fb030917f86a3134e5bc9bec0d69e0013ddfedb2"
  integrity sha1-+wMJF/hqMTTlvJvsDWngAT3f7bI=

nestjs-command@^3.0.2:
  version "3.0.2"
  resolved "https://registry.yarnpkg.com/nestjs-command/-/nestjs-command-3.0.2.tgz#6344ec0f33e681609ec1efc4fe913e949abf0a29"
  integrity sha512-3GYPWl5tg1k4VrKqoOrv/zNGyR6YpkS9WWfBI1lLw9fMdjDh3O2JcXUzRRGhwgy0EVOzijafTHSFDp+APO/XTw==
  dependencies:
    lodash.compact "^3.0.1"
    lodash.flattendeep "^4.4.0"
